// !$*UTF8*$!
{
	archiveVersion = 1;
	classes = {
	};
	objectVersion = 55;
	objects = {

/* Begin PBXBuildFile section */
		B536C7422834FA7F00E3F612 /* ViewController + extension.swift in Sources */ = {isa = PBXBuildFile; fileRef = B536C7412834FA7F00E3F612 /* ViewController + extension.swift */; };
		B536C7442834FB6100E3F612 /* DetailsViewController.swift in Sources */ = {isa = PBXBuildFile; fileRef = B536C7432834FB6100E3F612 /* DetailsViewController.swift */; };
		B536C7462834FB9100E3F612 /* UserInfoViewController.swift in Sources */ = {isa = PBXBuildFile; fileRef = B536C7452834FB9100E3F612 /* UserInfoViewController.swift */; };
		B536C7482834FF3700E3F612 /* SongCollectionViewCell.swift in Sources */ = {isa = PBXBuildFile; fileRef = B536C7472834FF3700E3F612 /* SongCollectionViewCell.swift */; };
		B536C74A283508D800E3F612 /* String + extension.swift in Sources */ = {isa = PBXBuildFile; fileRef = B536C749283508D800E3F612 /* String + extension.swift */; };
		B536C74D28360D7200E3F612 /* UserDefaultsManager.swift in Sources */ = {isa = PBXBuildFile; fileRef = B536C74C28360D7200E3F612 /* UserDefaultsManager.swift */; };
		B536C75028360E1D00E3F612 /* UserModel.swift in Sources */ = {isa = PBXBuildFile; fileRef = B536C74F28360E1D00E3F612 /* UserModel.swift */; };
		B536C7522836126400E3F612 /* Alert.swift in Sources */ = {isa = PBXBuildFile; fileRef = B536C7512836126400E3F612 /* Alert.swift */; };
		B59789082833B9EF00881027 /* AppDelegate.swift in Sources */ = {isa = PBXBuildFile; fileRef = B59789072833B9EF00881027 /* AppDelegate.swift */; };
		B597890A2833B9EF00881027 /* SceneDelegate.swift in Sources */ = {isa = PBXBuildFile; fileRef = B59789092833B9EF00881027 /* SceneDelegate.swift */; };
		B597890C2833B9EF00881027 /* AuthViewController.swift in Sources */ = {isa = PBXBuildFile; fileRef = B597890B2833B9EF00881027 /* AuthViewController.swift */; };
		B59789112833B9F000881027 /* Assets.xcassets in Resources */ = {isa = PBXBuildFile; fileRef = B59789102833B9F000881027 /* Assets.xcassets */; };
		B59789142833B9F000881027 /* LaunchScreen.storyboard in Resources */ = {isa = PBXBuildFile; fileRef = B59789122833B9F000881027 /* LaunchScreen.storyboard */; };
		B59789212834D69300881027 /* UIStackView + extension.swift in Sources */ = {isa = PBXBuildFile; fileRef = B59789202834D69300881027 /* UIStackView + extension.swift */; };
		B59789232834DE3100881027 /* SignUpViewController.swift in Sources */ = {isa = PBXBuildFile; fileRef = B59789222834DE3100881027 /* SignUpViewController.swift */; };
		B59789252834DE6600881027 /* AlbumsViewController.swift in Sources */ = {isa = PBXBuildFile; fileRef = B59789242834DE6600881027 /* AlbumsViewController.swift */; };
		B59789272834F4B400881027 /* AlbumsViewControllerCell.swift in Sources */ = {isa = PBXBuildFile; fileRef = B59789262834F4B400881027 /* AlbumsViewControllerCell.swift */; };
		C801B94F29426764D3C86A30 /* Pods_ITunesProjectTest.framework in Frameworks */ = {isa = PBXBuildFile; fileRef = 6FBA8833D6E44218890838BB /* Pods_ITunesProjectTest.framework */; };
/* End PBXBuildFile section */

/* Begin PBXFileReference section */
		268A8A71EE748F13C5424E0F /* Pods-ITunesProjectTest.debug.xcconfig */ = {isa = PBXFileReference; includeInIndex = 1; lastKnownFileType = text.xcconfig; name = "Pods-ITunesProjectTest.debug.xcconfig"; path = "Target Support Files/Pods-ITunesProjectTest/Pods-ITunesProjectTest.debug.xcconfig"; sourceTree = "<group>"; };
		6FBA8833D6E44218890838BB /* Pods_ITunesProjectTest.framework */ = {isa = PBXFileReference; explicitFileType = wrapper.framework; includeInIndex = 0; path = Pods_ITunesProjectTest.framework; sourceTree = BUILT_PRODUCTS_DIR; };
		B536C7412834FA7F00E3F612 /* ViewController + extension.swift */ = {isa = PBXFileReference; lastKnownFileType = sourcecode.swift; path = "ViewController + extension.swift"; sourceTree = "<group>"; };
		B536C7432834FB6100E3F612 /* DetailsViewController.swift */ = {isa = PBXFileReference; lastKnownFileType = sourcecode.swift; path = DetailsViewController.swift; sourceTree = "<group>"; };
		B536C7452834FB9100E3F612 /* UserInfoViewController.swift */ = {isa = PBXFileReference; lastKnownFileType = sourcecode.swift; path = UserInfoViewController.swift; sourceTree = "<group>"; };
		B536C7472834FF3700E3F612 /* SongCollectionViewCell.swift */ = {isa = PBXFileReference; lastKnownFileType = sourcecode.swift; path = SongCollectionViewCell.swift; sourceTree = "<group>"; };
		B536C749283508D800E3F612 /* String + extension.swift */ = {isa = PBXFileReference; lastKnownFileType = sourcecode.swift; path = "String + extension.swift"; sourceTree = "<group>"; };
		B536C74C28360D7200E3F612 /* UserDefaultsManager.swift */ = {isa = PBXFileReference; lastKnownFileType = sourcecode.swift; path = UserDefaultsManager.swift; sourceTree = "<group>"; };
		B536C74F28360E1D00E3F612 /* UserModel.swift */ = {isa = PBXFileReference; lastKnownFileType = sourcecode.swift; path = UserModel.swift; sourceTree = "<group>"; };
		B536C7512836126400E3F612 /* Alert.swift */ = {isa = PBXFileReference; lastKnownFileType = sourcecode.swift; path = Alert.swift; sourceTree = "<group>"; };
		B59789042833B9EF00881027 /* ITunesProjectTest.app */ = {isa = PBXFileReference; explicitFileType = wrapper.application; includeInIndex = 0; path = ITunesProjectTest.app; sourceTree = BUILT_PRODUCTS_DIR; };
		B59789072833B9EF00881027 /* AppDelegate.swift */ = {isa = PBXFileReference; lastKnownFileType = sourcecode.swift; path = AppDelegate.swift; sourceTree = "<group>"; };
		B59789092833B9EF00881027 /* SceneDelegate.swift */ = {isa = PBXFileReference; lastKnownFileType = sourcecode.swift; path = SceneDelegate.swift; sourceTree = "<group>"; };
		B597890B2833B9EF00881027 /* AuthViewController.swift */ = {isa = PBXFileReference; lastKnownFileType = sourcecode.swift; path = AuthViewController.swift; sourceTree = "<group>"; };
		B59789102833B9F000881027 /* Assets.xcassets */ = {isa = PBXFileReference; lastKnownFileType = folder.assetcatalog; path = Assets.xcassets; sourceTree = "<group>"; };
		B59789132833B9F000881027 /* Base */ = {isa = PBXFileReference; lastKnownFileType = file.storyboard; name = Base; path = Base.lproj/LaunchScreen.storyboard; sourceTree = "<group>"; };
		B59789152833B9F000881027 /* Info.plist */ = {isa = PBXFileReference; lastKnownFileType = text.plist.xml; path = Info.plist; sourceTree = "<group>"; };
		B59789202834D69300881027 /* UIStackView + extension.swift */ = {isa = PBXFileReference; lastKnownFileType = sourcecode.swift; path = "UIStackView + extension.swift"; sourceTree = "<group>"; };
		B59789222834DE3100881027 /* SignUpViewController.swift */ = {isa = PBXFileReference; lastKnownFileType = sourcecode.swift; path = SignUpViewController.swift; sourceTree = "<group>"; };
		B59789242834DE6600881027 /* AlbumsViewController.swift */ = {isa = PBXFileReference; lastKnownFileType = sourcecode.swift; path = AlbumsViewController.swift; sourceTree = "<group>"; };
		B59789262834F4B400881027 /* AlbumsViewControllerCell.swift */ = {isa = PBXFileReference; lastKnownFileType = sourcecode.swift; path = AlbumsViewControllerCell.swift; sourceTree = "<group>"; };
		F002DC5EE7A39A9BFF9C4CAE /* Pods-ITunesProjectTest.release.xcconfig */ = {isa = PBXFileReference; includeInIndex = 1; lastKnownFileType = text.xcconfig; name = "Pods-ITunesProjectTest.release.xcconfig"; path = "Target Support Files/Pods-ITunesProjectTest/Pods-ITunesProjectTest.release.xcconfig"; sourceTree = "<group>"; };
/* End PBXFileReference section */

/* Begin PBXFrameworksBuildPhase section */
		B59789012833B9EF00881027 /* Frameworks */ = {
			isa = PBXFrameworksBuildPhase;
			buildActionMask = 2147483647;
			files = (
				C801B94F29426764D3C86A30 /* Pods_ITunesProjectTest.framework in Frameworks */,
			);
			runOnlyForDeploymentPostprocessing = 0;
		};
/* End PBXFrameworksBuildPhase section */

/* Begin PBXGroup section */
		B536C74B28360D5800E3F612 /* Services */ = {
			isa = PBXGroup;
			children = (
				B536C74C28360D7200E3F612 /* UserDefaultsManager.swift */,
			);
			path = Services;
			sourceTree = "<group>";
		};
		B536C74E28360E1200E3F612 /* Models */ = {
			isa = PBXGroup;
			children = (
				B536C74F28360E1D00E3F612 /* UserModel.swift */,
				B536C7512836126400E3F612 /* Alert.swift */,
			);
			path = Models;
			sourceTree = "<group>";
		};
		B59788FB2833B9EF00881027 = {
			isa = PBXGroup;
			children = (
				B59789062833B9EF00881027 /* ITunesProjectTest */,
				B59789052833B9EF00881027 /* Products */,
				CF4C57695B34BFE6E9C47057 /* Pods */,
				E3BAF567234214DC79FF01F2 /* Frameworks */,
			);
			sourceTree = "<group>";
		};
		B59789052833B9EF00881027 /* Products */ = {
			isa = PBXGroup;
			children = (
				B59789042833B9EF00881027 /* ITunesProjectTest.app */,
			);
			name = Products;
			sourceTree = "<group>";
		};
		B59789062833B9EF00881027 /* ITunesProjectTest */ = {
			isa = PBXGroup;
			children = (
				B597891D2834D5E000881027 /* Application */,
				B597891C2834D5DA00881027 /* Controllers */,
				B536C74E28360E1200E3F612 /* Models */,
				B597891E2834D67300881027 /* Extensions */,
				B536C74B28360D5800E3F612 /* Services */,
				B597891B2834D5D300881027 /* Resourses */,
			);
			path = ITunesProjectTest;
			sourceTree = "<group>";
		};
		B597891B2834D5D300881027 /* Resourses */ = {
			isa = PBXGroup;
			children = (
				B59789102833B9F000881027 /* Assets.xcassets */,
				B59789122833B9F000881027 /* LaunchScreen.storyboard */,
				B59789152833B9F000881027 /* Info.plist */,
			);
			path = Resourses;
			sourceTree = "<group>";
		};
		B597891C2834D5DA00881027 /* Controllers */ = {
			isa = PBXGroup;
			children = (
				B597891F2834D68000881027 /* Cells */,
				B597890B2833B9EF00881027 /* AuthViewController.swift */,
				B59789222834DE3100881027 /* SignUpViewController.swift */,
				B59789242834DE6600881027 /* AlbumsViewController.swift */,
				B536C7432834FB6100E3F612 /* DetailsViewController.swift */,
				B536C7452834FB9100E3F612 /* UserInfoViewController.swift */,
			);
			path = Controllers;
			sourceTree = "<group>";
		};
		B597891D2834D5E000881027 /* Application */ = {
			isa = PBXGroup;
			children = (
				B59789072833B9EF00881027 /* AppDelegate.swift */,
				B59789092833B9EF00881027 /* SceneDelegate.swift */,
			);
			path = Application;
			sourceTree = "<group>";
		};
		B597891E2834D67300881027 /* Extensions */ = {
			isa = PBXGroup;
			children = (
				B59789202834D69300881027 /* UIStackView + extension.swift */,
				B536C7412834FA7F00E3F612 /* ViewController + extension.swift */,
				B536C749283508D800E3F612 /* String + extension.swift */,
			);
			path = Extensions;
			sourceTree = "<group>";
		};
		B597891F2834D68000881027 /* Cells */ = {
			isa = PBXGroup;
			children = (
				B59789262834F4B400881027 /* AlbumsViewControllerCell.swift */,
				B536C7472834FF3700E3F612 /* SongCollectionViewCell.swift */,
			);
			path = Cells;
			sourceTree = "<group>";
		};
		CF4C57695B34BFE6E9C47057 /* Pods */ = {
			isa = PBXGroup;
			children = (
				268A8A71EE748F13C5424E0F /* Pods-ITunesProjectTest.debug.xcconfig */,
				F002DC5EE7A39A9BFF9C4CAE /* Pods-ITunesProjectTest.release.xcconfig */,
			);
			path = Pods;
			sourceTree = "<group>";
		};
		E3BAF567234214DC79FF01F2 /* Frameworks */ = {
			isa = PBXGroup;
			children = (
				6FBA8833D6E44218890838BB /* Pods_ITunesProjectTest.framework */,
			);
			name = Frameworks;
			sourceTree = "<group>";
		};
/* End PBXGroup section */

/* Begin PBXNativeTarget section */
		B59789032833B9EF00881027 /* ITunesProjectTest */ = {
			isa = PBXNativeTarget;
			buildConfigurationList = B59789182833B9F000881027 /* Build configuration list for PBXNativeTarget "ITunesProjectTest" */;
			buildPhases = (
				E738FC16B18F4E6D8FB55B69 /* [CP] Check Pods Manifest.lock */,
				B59789002833B9EF00881027 /* Sources */,
				B59789012833B9EF00881027 /* Frameworks */,
				B59789022833B9EF00881027 /* Resources */,
				DEE5FD4010DBBF1D583A2934 /* [CP] Embed Pods Frameworks */,
			);
			buildRules = (
			);
			dependencies = (
			);
			name = ITunesProjectTest;
			productName = ITunesProjectTest;
			productReference = B59789042833B9EF00881027 /* ITunesProjectTest.app */;
			productType = "com.apple.product-type.application";
		};
/* End PBXNativeTarget section */

/* Begin PBXProject section */
		B59788FC2833B9EF00881027 /* Project object */ = {
			isa = PBXProject;
			attributes = {
				BuildIndependentTargetsInParallel = 1;
				LastSwiftUpdateCheck = 1330;
				LastUpgradeCheck = 1330;
				TargetAttributes = {
					B59789032833B9EF00881027 = {
						CreatedOnToolsVersion = 13.3;
					};
				};
			};
			buildConfigurationList = B59788FF2833B9EF00881027 /* Build configuration list for PBXProject "ITunesProjectTest" */;
			compatibilityVersion = "Xcode 13.0";
			developmentRegion = en;
			hasScannedForEncodings = 0;
			knownRegions = (
				en,
				Base,
			);
			mainGroup = B59788FB2833B9EF00881027;
			productRefGroup = B59789052833B9EF00881027 /* Products */;
			projectDirPath = "";
			projectRoot = "";
			targets = (
				B59789032833B9EF00881027 /* ITunesProjectTest */,
			);
		};
/* End PBXProject section */

/* Begin PBXResourcesBuildPhase section */
		B59789022833B9EF00881027 /* Resources */ = {
			isa = PBXResourcesBuildPhase;
			buildActionMask = 2147483647;
			files = (
				B59789142833B9F000881027 /* LaunchScreen.storyboard in Resources */,
				B59789112833B9F000881027 /* Assets.xcassets in Resources */,
			);
			runOnlyForDeploymentPostprocessing = 0;
		};
/* End PBXResourcesBuildPhase section */

/* Begin PBXShellScriptBuildPhase section */
		DEE5FD4010DBBF1D583A2934 /* [CP] Embed Pods Frameworks */ = {
			isa = PBXShellScriptBuildPhase;
			buildActionMask = 2147483647;
			files = (
			);
			inputFileListPaths = (
				"${PODS_ROOT}/Target Support Files/Pods-ITunesProjectTest/Pods-ITunesProjectTest-frameworks-${CONFIGURATION}-input-files.xcfilelist",
			);
			name = "[CP] Embed Pods Frameworks";
			outputFileListPaths = (
				"${PODS_ROOT}/Target Support Files/Pods-ITunesProjectTest/Pods-ITunesProjectTest-frameworks-${CONFIGURATION}-output-files.xcfilelist",
			);
			runOnlyForDeploymentPostprocessing = 0;
			shellPath = /bin/sh;
			shellScript = "\"${PODS_ROOT}/Target Support Files/Pods-ITunesProjectTest/Pods-ITunesProjectTest-frameworks.sh\"\n";
			showEnvVarsInLog = 0;
		};
		E738FC16B18F4E6D8FB55B69 /* [CP] Check Pods Manifest.lock */ = {
			isa = PBXShellScriptBuildPhase;
			buildActionMask = 2147483647;
			files = (
			);
			inputFileListPaths = (
			);
			inputPaths = (
				"${PODS_PODFILE_DIR_PATH}/Podfile.lock",
				"${PODS_ROOT}/Manifest.lock",
			);
			name = "[CP] Check Pods Manifest.lock";
			outputFileListPaths = (
			);
			outputPaths = (
				"$(DERIVED_FILE_DIR)/Pods-ITunesProjectTest-checkManifestLockResult.txt",
			);
			runOnlyForDeploymentPostprocessing = 0;
			shellPath = /bin/sh;
			shellScript = "diff \"${PODS_PODFILE_DIR_PATH}/Podfile.lock\" \"${PODS_ROOT}/Manifest.lock\" > /dev/null\nif [ $? != 0 ] ; then\n    # print error to STDERR\n    echo \"error: The sandbox is not in sync with the Podfile.lock. Run 'pod install' or update your CocoaPods installation.\" >&2\n    exit 1\nfi\n# This output is used by Xcode 'outputs' to avoid re-running this script phase.\necho \"SUCCESS\" > \"${SCRIPT_OUTPUT_FILE_0}\"\n";
			showEnvVarsInLog = 0;
		};
/* End PBXShellScriptBuildPhase section */

/* Begin PBXSourcesBuildPhase section */
		B59789002833B9EF00881027 /* Sources */ = {
			isa = PBXSourcesBuildPhase;
			buildActionMask = 2147483647;
			files = (
				B597890C2833B9EF00881027 /* AuthViewController.swift in Sources */,
				B59789082833B9EF00881027 /* AppDelegate.swift in Sources */,
				B536C74A283508D800E3F612 /* String + extension.swift in Sources */,
				B536C7522836126400E3F612 /* Alert.swift in Sources */,
				B536C74D28360D7200E3F612 /* UserDefaultsManager.swift in Sources */,
				B536C7442834FB6100E3F612 /* DetailsViewController.swift in Sources */,
				B59789272834F4B400881027 /* AlbumsViewControllerCell.swift in Sources */,
				B59789252834DE6600881027 /* AlbumsViewController.swift in Sources */,
				B536C7422834FA7F00E3F612 /* ViewController + extension.swift in Sources */,
				B536C75028360E1D00E3F612 /* UserModel.swift in Sources */,
				B597890A2833B9EF00881027 /* SceneDelegate.swift in Sources */,
				B536C7462834FB9100E3F612 /* UserInfoViewController.swift in Sources */,
				B59789212834D69300881027 /* UIStackView + extension.swift in Sources */,
				B536C7482834FF3700E3F612 /* SongCollectionViewCell.swift in Sources */,
				B59789232834DE3100881027 /* SignUpViewController.swift in Sources */,
			);
			runOnlyForDeploymentPostprocessing = 0;
		};
/* End PBXSourcesBuildPhase section */

/* Begin PBXVariantGroup section */
		B59789122833B9F000881027 /* LaunchScreen.storyboard */ = {
			isa = PBXVariantGroup;
			children = (
				B59789132833B9F000881027 /* Base */,
			);
			name = LaunchScreen.storyboard;
			sourceTree = "<group>";
		};
/* End PBXVariantGroup section */

/* Begin XCBuildConfiguration section */
		B59789162833B9F000881027 /* Debug */ = {
			isa = XCBuildConfiguration;
			buildSettings = {
				ALWAYS_SEARCH_USER_PATHS = NO;
				CLANG_ANALYZER_NONNULL = YES;
				CLANG_ANALYZER_NUMBER_OBJECT_CONVERSION = YES_AGGRESSIVE;
				CLANG_CXX_LANGUAGE_STANDARD = "gnu++17";
				CLANG_ENABLE_MODULES = YES;
				CLANG_ENABLE_OBJC_ARC = YES;
				CLANG_ENABLE_OBJC_WEAK = YES;
				CLANG_WARN_BLOCK_CAPTURE_AUTORELEASING = YES;
				CLANG_WARN_BOOL_CONVERSION = YES;
				CLANG_WARN_COMMA = YES;
				CLANG_WARN_CONSTANT_CONVERSION = YES;
				CLANG_WARN_DEPRECATED_OBJC_IMPLEMENTATIONS = YES;
				CLANG_WARN_DIRECT_OBJC_ISA_USAGE = YES_ERROR;
				CLANG_WARN_DOCUMENTATION_COMMENTS = YES;
				CLANG_WARN_EMPTY_BODY = YES;
				CLANG_WARN_ENUM_CONVERSION = YES;
				CLANG_WARN_INFINITE_RECURSION = YES;
				CLANG_WARN_INT_CONVERSION = YES;
				CLANG_WARN_NON_LITERAL_NULL_CONVERSION = YES;
				CLANG_WARN_OBJC_IMPLICIT_RETAIN_SELF = YES;
				CLANG_WARN_OBJC_LITERAL_CONVERSION = YES;
				CLANG_WARN_OBJC_ROOT_CLASS = YES_ERROR;
				CLANG_WARN_QUOTED_INCLUDE_IN_FRAMEWORK_HEADER = YES;
				CLANG_WARN_RANGE_LOOP_ANALYSIS = YES;
				CLANG_WARN_STRICT_PROTOTYPES = YES;
				CLANG_WARN_SUSPICIOUS_MOVE = YES;
				CLANG_WARN_UNGUARDED_AVAILABILITY = YES_AGGRESSIVE;
				CLANG_WARN_UNREACHABLE_CODE = YES;
				CLANG_WARN__DUPLICATE_METHOD_MATCH = YES;
				COPY_PHASE_STRIP = NO;
				DEBUG_INFORMATION_FORMAT = dwarf;
				ENABLE_STRICT_OBJC_MSGSEND = YES;
				ENABLE_TESTABILITY = YES;
				GCC_C_LANGUAGE_STANDARD = gnu11;
				GCC_DYNAMIC_NO_PIC = NO;
				GCC_NO_COMMON_BLOCKS = YES;
				GCC_OPTIMIZATION_LEVEL = 0;
				GCC_PREPROCESSOR_DEFINITIONS = (
					"DEBUG=1",
					"$(inherited)",
				);
				GCC_WARN_64_TO_32_BIT_CONVERSION = YES;
				GCC_WARN_ABOUT_RETURN_TYPE = YES_ERROR;
				GCC_WARN_UNDECLARED_SELECTOR = YES;
				GCC_WARN_UNINITIALIZED_AUTOS = YES_AGGRESSIVE;
				GCC_WARN_UNUSED_FUNCTION = YES;
				GCC_WARN_UNUSED_VARIABLE = YES;
				IPHONEOS_DEPLOYMENT_TARGET = 15.4;
				MTL_ENABLE_DEBUG_INFO = INCLUDE_SOURCE;
				MTL_FAST_MATH = YES;
				ONLY_ACTIVE_ARCH = YES;
				SDKROOT = iphoneos;
				SWIFT_ACTIVE_COMPILATION_CONDITIONS = DEBUG;
				SWIFT_OPTIMIZATION_LEVEL = "-Onone";
			};
			name = Debug;
		};
		B59789172833B9F000881027 /* Release */ = {
			isa = XCBuildConfiguration;
			buildSettings = {
				ALWAYS_SEARCH_USER_PATHS = NO;
				CLANG_ANALYZER_NONNULL = YES;
				CLANG_ANALYZER_NUMBER_OBJECT_CONVERSION = YES_AGGRESSIVE;
				CLANG_CXX_LANGUAGE_STANDARD = "gnu++17";
				CLANG_ENABLE_MODULES = YES;
				CLANG_ENABLE_OBJC_ARC = YES;
				CLANG_ENABLE_OBJC_WEAK = YES;
				CLANG_WARN_BLOCK_CAPTURE_AUTORELEASING = YES;
				CLANG_WARN_BOOL_CONVERSION = YES;
				CLANG_WARN_COMMA = YES;
				CLANG_WARN_CONSTANT_CONVERSION = YES;
				CLANG_WARN_DEPRECATED_OBJC_IMPLEMENTATIONS = YES;
				CLANG_WARN_DIRECT_OBJC_ISA_USAGE = YES_ERROR;
				CLANG_WARN_DOCUMENTATION_COMMENTS = YES;
				CLANG_WARN_EMPTY_BODY = YES;
				CLANG_WARN_ENUM_CONVERSION = YES;
				CLANG_WARN_INFINITE_RECURSION = YES;
				CLANG_WARN_INT_CONVERSION = YES;
				CLANG_WARN_NON_LITERAL_NULL_CONVERSION = YES;
				CLANG_WARN_OBJC_IMPLICIT_RETAIN_SELF = YES;
				CLANG_WARN_OBJC_LITERAL_CONVERSION = YES;
				CLANG_WARN_OBJC_ROOT_CLASS = YES_ERROR;
				CLANG_WARN_QUOTED_INCLUDE_IN_FRAMEWORK_HEADER = YES;
				CLANG_WARN_RANGE_LOOP_ANALYSIS = YES;
				CLANG_WARN_STRICT_PROTOTYPES = YES;
				CLANG_WARN_SUSPICIOUS_MOVE = YES;
				CLANG_WARN_UNGUARDED_AVAILABILITY = YES_AGGRESSIVE;
				CLANG_WARN_UNREACHABLE_CODE = YES;
				CLANG_WARN__DUPLICATE_METHOD_MATCH = YES;
				COPY_PHASE_STRIP = NO;
				DEBUG_INFORMATION_FORMAT = "dwarf-with-dsym";
				ENABLE_NS_ASSERTIONS = NO;
				ENABLE_STRICT_OBJC_MSGSEND = YES;
				GCC_C_LANGUAGE_STANDARD = gnu11;
				GCC_NO_COMMON_BLOCKS = YES;
				GCC_WARN_64_TO_32_BIT_CONVERSION = YES;
				GCC_WARN_ABOUT_RETURN_TYPE = YES_ERROR;
				GCC_WARN_UNDECLARED_SELECTOR = YES;
				GCC_WARN_UNINITIALIZED_AUTOS = YES_AGGRESSIVE;
				GCC_WARN_UNUSED_FUNCTION = YES;
				GCC_WARN_UNUSED_VARIABLE = YES;
				IPHONEOS_DEPLOYMENT_TARGET = 15.4;
				MTL_ENABLE_DEBUG_INFO = NO;
				MTL_FAST_MATH = YES;
				SDKROOT = iphoneos;
				SWIFT_COMPILATION_MODE = wholemodule;
				SWIFT_OPTIMIZATION_LEVEL = "-O";
				VALIDATE_PRODUCT = YES;
			};
			name = Release;
		};
		B59789192833B9F000881027 /* Debug */ = {
			isa = XCBuildConfiguration;
			baseConfigurationReference = 268A8A71EE748F13C5424E0F /* Pods-ITunesProjectTest.debug.xcconfig */;
			buildSettings = {
				ASSETCATALOG_COMPILER_APPICON_NAME = AppIcon;
				ASSETCATALOG_COMPILER_GLOBAL_ACCENT_COLOR_NAME = AccentColor;
				CODE_SIGN_STYLE = Automatic;
				CURRENT_PROJECT_VERSION = 1;
				DEVELOPMENT_TEAM = S8VC9ZSJXF;
				GENERATE_INFOPLIST_FILE = YES;
				INFOPLIST_FILE = ITunesProjectTest/Resourses/Info.plist;
				INFOPLIST_KEY_UIApplicationSupportsIndirectInputEvents = YES;
				INFOPLIST_KEY_UILaunchStoryboardName = LaunchScreen;
				INFOPLIST_KEY_UISupportedInterfaceOrientations_iPad = "UIInterfaceOrientationPortrait UIInterfaceOrientationPortraitUpsideDown UIInterfaceOrientationLandscapeLeft UIInterfaceOrientationLandscapeRight";
				INFOPLIST_KEY_UISupportedInterfaceOrientations_iPhone = "UIInterfaceOrientationPortrait UIInterfaceOrientationLandscapeLeft UIInterfaceOrientationLandscapeRight";
				LD_RUNPATH_SEARCH_PATHS = (
					"$(inherited)",
					"@executable_path/Frameworks",
				);
				MARKETING_VERSION = 1.0;
				PRODUCT_BUNDLE_IDENTIFIER = nur.ITunesProjectTest;
				PRODUCT_NAME = "$(TARGET_NAME)";
				SWIFT_EMIT_LOC_STRINGS = YES;
				SWIFT_VERSION = 5.0;
				TARGETED_DEVICE_FAMILY = "1,2";
			};
			name = Debug;
		};
		B597891A2833B9F000881027 /* Release */ = {
			isa = XCBuildConfiguration;
			baseConfigurationReference = F002DC5EE7A39A9BFF9C4CAE /* Pods-ITunesProjectTest.release.xcconfig */;
			buildSettings = {
				ASSETCATALOG_COMPILER_APPICON_NAME = AppIcon;
				ASSETCATALOG_COMPILER_GLOBAL_ACCENT_COLOR_NAME = AccentColor;
				CODE_SIGN_STYLE = Automatic;
				CURRENT_PROJECT_VERSION = 1;
				DEVELOPMENT_TEAM = S8VC9ZSJXF;
				GENERATE_INFOPLIST_FILE = YES;
				INFOPLIST_FILE = ITunesProjectTest/Resourses/Info.plist;
				INFOPLIST_KEY_UIApplicationSupportsIndirectInputEvents = YES;
				INFOPLIST_KEY_UILaunchStoryboardName = LaunchScreen;
				INFOPLIST_KEY_UISupportedInterfaceOrientations_iPad = "UIInterfaceOrientationPortrait UIInterfaceOrientationPortraitUpsideDown UIInterfaceOrientationLandscapeLeft UIInterfaceOrientationLandscapeRight";
				INFOPLIST_KEY_UISupportedInterfaceOrientations_iPhone = "UIInterfaceOrientationPortrait UIInterfaceOrientationLandscapeLeft UIInterfaceOrientationLandscapeRight";
				LD_RUNPATH_SEARCH_PATHS = (
					"$(inherited)",
					"@executable_path/Frameworks",
				);
				MARKETING_VERSION = 1.0;
				PRODUCT_BUNDLE_IDENTIFIER = nur.ITunesProjectTest;
				PRODUCT_NAME = "$(TARGET_NAME)";
				SWIFT_EMIT_LOC_STRINGS = YES;
				SWIFT_VERSION = 5.0;
				TARGETED_DEVICE_FAMILY = "1,2";
			};
			name = Release;
		};
/* End XCBuildConfiguration section */

/* Begin XCConfigurationList section */
		B59788FF2833B9EF00881027 /* Build configuration list for PBXProject "ITunesProjectTest" */ = {
			isa = XCConfigurationList;
			buildConfigurations = (
				B59789162833B9F000881027 /* Debug */,
				B59789172833B9F000881027 /* Release */,
			);
			defaultConfigurationIsVisible = 0;
			defaultConfigurationName = Release;
		};
		B59789182833B9F000881027 /* Build configuration list for PBXNativeTarget "ITunesProjectTest" */ = {
			isa = XCConfigurationList;
			buildConfigurations = (
				B59789192833B9F000881027 /* Debug */,
				B597891A2833B9F000881027 /* Release */,
			);
			defaultConfigurationIsVisible = 0;
			defaultConfigurationName = Release;
		};
/* End XCConfigurationList section */
	};
	rootObject = B59788FC2833B9EF00881027 /* Project object */;
}
